
Microsoft Visual Studio Solution File, Format Version 12.00
# Visual Studio Version 17
VisualStudioVersion = 17.13.35825.156 d17.13
MinimumVisualStudioVersion = 10.0.40219.1
Project("{54A90642-561A-4BB1-A94E-469ADEE60C69}") = "aspnet-vue.client", "aspnet-vue.client\aspnet-vue.client.esproj", "{6D536382-938D-8766-3A10-4215AB69E246}"
EndProject
Project("{FAE04EC0-301F-11D3-BF4B-00C04F79EFBC}") = "ASPNet-Vue.Server", "ASPNet-Vue.Server\ASPNet-Vue.Server.csproj", "{C3FB7BDA-4CF1-437C-B5B0-0791CC987E9F}"
EndProject
Global
	GlobalSection(SolutionConfigurationPlatforms) = preSolution
		Debug|Any CPU = Debug|Any CPU
		Release|Any CPU = Release|Any CPU
	EndGlobalSection
	GlobalSection(ProjectConfigurationPlatforms) = postSolution
		{6D536382-938D-8766-3A10-4215AB69E246}.Debug|Any CPU.ActiveCfg = Debug|Any CPU
		{6D536382-938D-8766-3A10-4215AB69E246}.Debug|Any CPU.Build.0 = Debug|Any CPU
		{6D536382-938D-8766-3A10-4215AB69E246}.Debug|Any CPU.Deploy.0 = Debug|Any CPU
		{6D536382-938D-8766-3A10-4215AB69E246}.Release|Any CPU.ActiveCfg = Release|Any CPU
		{6D536382-938D-8766-3A10-4215AB69E246}.Release|Any CPU.Build.0 = Release|Any CPU
		{6D536382-938D-8766-3A10-4215AB69E246}.Release|Any CPU.Deploy.0 = Release|Any CPU
		{C3FB7BDA-4CF1-437C-B5B0-0791CC987E9F}.Debug|Any CPU.ActiveCfg = Debug|Any CPU
		{C3FB7BDA-4CF1-437C-B5B0-0791CC987E9F}.Debug|Any CPU.Build.0 = Debug|Any CPU
		{C3FB7BDA-4CF1-437C-B5B0-0791CC987E9F}.Release|Any CPU.ActiveCfg = Release|Any CPU
		{C3FB7BDA-4CF1-437C-B5B0-0791CC987E9F}.Release|Any CPU.Build.0 = Release|Any CPU
	EndGlobalSection
	GlobalSection(SolutionProperties) = preSolution
		HideSolutionNode = FALSE
	EndGlobalSection
	GlobalSection(ExtensibilityGlobals) = postSolution
		SolutionGuid = {BF7226B3-919D-4009-A1F9-769D462C6825}
	EndGlobalSection
EndGlobal
